// !$*UTF8*$!
{
	archiveVersion = 1;
	classes = {
	};
	objectVersion = 56;
	objects = {

/* Begin PBXBuildFile section */
		3D697C3529CC980400D0CE41 /* AppDelegate.swift in Sources */ = {isa = PBXBuildFile; fileRef = 3D697C3429CC980400D0CE41 /* AppDelegate.swift */; };
		3D697C3729CC980400D0CE41 /* SceneDelegate.swift in Sources */ = {isa = PBXBuildFile; fileRef = 3D697C3629CC980400D0CE41 /* SceneDelegate.swift */; };
		3D697C3929CC980400D0CE41 /* ViewController.swift in Sources */ = {isa = PBXBuildFile; fileRef = 3D697C3829CC980400D0CE41 /* ViewController.swift */; };
		3D697C3C29CC980400D0CE41 /* Main.storyboard in Resources */ = {isa = PBXBuildFile; fileRef = 3D697C3A29CC980400D0CE41 /* Main.storyboard */; };
		3D697C3E29CC980600D0CE41 /* Assets.xcassets in Resources */ = {isa = PBXBuildFile; fileRef = 3D697C3D29CC980600D0CE41 /* Assets.xcassets */; };
		3D697C4129CC980600D0CE41 /* LaunchScreen.storyboard in Resources */ = {isa = PBXBuildFile; fileRef = 3D697C3F29CC980600D0CE41 /* LaunchScreen.storyboard */; };
		3D697C4C29CC980600D0CE41 /* CatcrawlerTests.swift in Sources */ = {isa = PBXBuildFile; fileRef = 3D697C4B29CC980600D0CE41 /* CatcrawlerTests.swift */; };
		3D697C5629CC980600D0CE41 /* CatcrawlerUITests.swift in Sources */ = {isa = PBXBuildFile; fileRef = 3D697C5529CC980600D0CE41 /* CatcrawlerUITests.swift */; };
		3D697C5829CC980600D0CE41 /* CatcrawlerUITestsLaunchTests.swift in Sources */ = {isa = PBXBuildFile; fileRef = 3D697C5729CC980600D0CE41 /* CatcrawlerUITestsLaunchTests.swift */; };
/* End PBXBuildFile section */

/* Begin PBXContainerItemProxy section */
		3D697C4829CC980600D0CE41 /* PBXContainerItemProxy */ = {
			isa = PBXContainerItemProxy;
			containerPortal = 3D697C2929CC980400D0CE41 /* Project object */;
			proxyType = 1;
			remoteGlobalIDString = 3D697C3029CC980400D0CE41;
			remoteInfo = Catcrawler;
		};
		3D697C5229CC980600D0CE41 /* PBXContainerItemProxy */ = {
			isa = PBXContainerItemProxy;
			containerPortal = 3D697C2929CC980400D0CE41 /* Project object */;
			proxyType = 1;
			remoteGlobalIDString = 3D697C3029CC980400D0CE41;
			remoteInfo = Catcrawler;
		};
/* End PBXContainerItemProxy section */

/* Begin PBXFileReference section */
		3D697C3129CC980400D0CE41 /* Catcrawler.app */ = {isa = PBXFileReference; explicitFileType = wrapper.application; includeInIndex = 0; path = Catcrawler.app; sourceTree = BUILT_PRODUCTS_DIR; };
		3D697C3429CC980400D0CE41 /* AppDelegate.swift */ = {isa = PBXFileReference; lastKnownFileType = sourcecode.swift; path = AppDelegate.swift; sourceTree = "<group>"; };
		3D697C3629CC980400D0CE41 /* SceneDelegate.swift */ = {isa = PBXFileReference; lastKnownFileType = sourcecode.swift; path = SceneDelegate.swift; sourceTree = "<group>"; };
		3D697C3829CC980400D0CE41 /* ViewController.swift */ = {isa = PBXFileReference; lastKnownFileType = sourcecode.swift; path = ViewController.swift; sourceTree = "<group>"; };
		3D697C3B29CC980400D0CE41 /* Base */ = {isa = PBXFileReference; lastKnownFileType = file.storyboard; name = Base; path = Base.lproj/Main.storyboard; sourceTree = "<group>"; };
		3D697C3D29CC980600D0CE41 /* Assets.xcassets */ = {isa = PBXFileReference; lastKnownFileType = folder.assetcatalog; path = Assets.xcassets; sourceTree = "<group>"; };
		3D697C4029CC980600D0CE41 /* Base */ = {isa = PBXFileReference; lastKnownFileType = file.storyboard; name = Base; path = Base.lproj/LaunchScreen.storyboard; sourceTree = "<group>"; };
		3D697C4229CC980600D0CE41 /* Info.plist */ = {isa = PBXFileReference; lastKnownFileType = text.plist.xml; path = Info.plist; sourceTree = "<group>"; };
		3D697C4729CC980600D0CE41 /* CatcrawlerTests.xctest */ = {isa = PBXFileReference; explicitFileType = wrapper.cfbundle; includeInIndex = 0; path = CatcrawlerTests.xctest; sourceTree = BUILT_PRODUCTS_DIR; };
		3D697C4B29CC980600D0CE41 /* CatcrawlerTests.swift */ = {isa = PBXFileReference; lastKnownFileType = sourcecode.swift; path = CatcrawlerTests.swift; sourceTree = "<group>"; };
		3D697C5129CC980600D0CE41 /* CatcrawlerUITests.xctest */ = {isa = PBXFileReference; explicitFileType = wrapper.cfbundle; includeInIndex = 0; path = CatcrawlerUITests.xctest; sourceTree = BUILT_PRODUCTS_DIR; };
		3D697C5529CC980600D0CE41 /* CatcrawlerUITests.swift */ = {isa = PBXFileReference; lastKnownFileType = sourcecode.swift; path = CatcrawlerUITests.swift; sourceTree = "<group>"; };
		3D697C5729CC980600D0CE41 /* CatcrawlerUITestsLaunchTests.swift */ = {isa = PBXFileReference; lastKnownFileType = sourcecode.swift; path = CatcrawlerUITestsLaunchTests.swift; sourceTree = "<group>"; };
/* End PBXFileReference section */

/* Begin PBXFrameworksBuildPhase section */
		3D697C2E29CC980400D0CE41 /* Frameworks */ = {
			isa = PBXFrameworksBuildPhase;
			buildActionMask = 2147483647;
			files = (
			);
			runOnlyForDeploymentPostprocessing = 0;
		};
		3D697C4429CC980600D0CE41 /* Frameworks */ = {
			isa = PBXFrameworksBuildPhase;
			buildActionMask = 2147483647;
			files = (
			);
			runOnlyForDeploymentPostprocessing = 0;
		};
		3D697C4E29CC980600D0CE41 /* Frameworks */ = {
			isa = PBXFrameworksBuildPhase;
			buildActionMask = 2147483647;
			files = (
			);
			runOnlyForDeploymentPostprocessing = 0;
		};
/* End PBXFrameworksBuildPhase section */

/* Begin PBXGroup section */
		3D697C2829CC980400D0CE41 = {
			isa = PBXGroup;
			children = (
				3D697C3329CC980400D0CE41 /* Catcrawler */,
				3D697C4A29CC980600D0CE41 /* CatcrawlerTests */,
				3D697C5429CC980600D0CE41 /* CatcrawlerUITests */,
				3D697C3229CC980400D0CE41 /* Products */,
			);
			sourceTree = "<group>";
		};
		3D697C3229CC980400D0CE41 /* Products */ = {
			isa = PBXGroup;
			children = (
				3D697C3129CC980400D0CE41 /* Catcrawler.app */,
				3D697C4729CC980600D0CE41 /* CatcrawlerTests.xctest */,
				3D697C5129CC980600D0CE41 /* CatcrawlerUITests.xctest */,
			);
			name = Products;
			sourceTree = "<group>";
		};
		3D697C3329CC980400D0CE41 /* Catcrawler */ = {
			isa = PBXGroup;
			children = (
				3D697C3429CC980400D0CE41 /* AppDelegate.swift */,
				3D697C3629CC980400D0CE41 /* SceneDelegate.swift */,
				3D697C3829CC980400D0CE41 /* ViewController.swift */,
				3D697C3A29CC980400D0CE41 /* Main.storyboard */,
				3D697C3D29CC980600D0CE41 /* Assets.xcassets */,
				3D697C3F29CC980600D0CE41 /* LaunchScreen.storyboard */,
				3D697C4229CC980600D0CE41 /* Info.plist */,
			);
			path = Catcrawler;
			sourceTree = "<group>";
		};
		3D697C4A29CC980600D0CE41 /* CatcrawlerTests */ = {
			isa = PBXGroup;
			children = (
				3D697C4B29CC980600D0CE41 /* CatcrawlerTests.swift */,
			);
			path = CatcrawlerTests;
			sourceTree = "<group>";
		};
		3D697C5429CC980600D0CE41 /* CatcrawlerUITests */ = {
			isa = PBXGroup;
			children = (
				3D697C5529CC980600D0CE41 /* CatcrawlerUITests.swift */,
				3D697C5729CC980600D0CE41 /* CatcrawlerUITestsLaunchTests.swift */,
			);
			path = CatcrawlerUITests;
			sourceTree = "<group>";
		};
/* End PBXGroup section */

/* Begin PBXNativeTarget section */
		3D697C3029CC980400D0CE41 /* Catcrawler */ = {
			isa = PBXNativeTarget;
			buildConfigurationList = 3D697C5B29CC980600D0CE41 /* Build configuration list for PBXNativeTarget "Catcrawler" */;
			buildPhases = (
				3D697C2D29CC980400D0CE41 /* Sources */,
				3D697C2E29CC980400D0CE41 /* Frameworks */,
				3D697C2F29CC980400D0CE41 /* Resources */,
			);
			buildRules = (
			);
			dependencies = (
			);
			name = Catcrawler;
			productName = Catcrawler;
			productReference = 3D697C3129CC980400D0CE41 /* Catcrawler.app */;
			productType = "com.apple.product-type.application";
		};
		3D697C4629CC980600D0CE41 /* CatcrawlerTests */ = {
			isa = PBXNativeTarget;
			buildConfigurationList = 3D697C5E29CC980600D0CE41 /* Build configuration list for PBXNativeTarget "CatcrawlerTests" */;
			buildPhases = (
				3D697C4329CC980600D0CE41 /* Sources */,
				3D697C4429CC980600D0CE41 /* Frameworks */,
				3D697C4529CC980600D0CE41 /* Resources */,
			);
			buildRules = (
			);
			dependencies = (
				3D697C4929CC980600D0CE41 /* PBXTargetDependency */,
			);
			name = CatcrawlerTests;
			productName = CatcrawlerTests;
			productReference = 3D697C4729CC980600D0CE41 /* CatcrawlerTests.xctest */;
			productType = "com.apple.product-type.bundle.unit-test";
		};
		3D697C5029CC980600D0CE41 /* CatcrawlerUITests */ = {
			isa = PBXNativeTarget;
			buildConfigurationList = 3D697C6129CC980600D0CE41 /* Build configuration list for PBXNativeTarget "CatcrawlerUITests" */;
			buildPhases = (
				3D697C4D29CC980600D0CE41 /* Sources */,
				3D697C4E29CC980600D0CE41 /* Frameworks */,
				3D697C4F29CC980600D0CE41 /* Resources */,
			);
			buildRules = (
			);
			dependencies = (
				3D697C5329CC980600D0CE41 /* PBXTargetDependency */,
			);
			name = CatcrawlerUITests;
			productName = CatcrawlerUITests;
			productReference = 3D697C5129CC980600D0CE41 /* CatcrawlerUITests.xctest */;
			productType = "com.apple.product-type.bundle.ui-testing";
		};
/* End PBXNativeTarget section */

/* Begin PBXProject section */
		3D697C2929CC980400D0CE41 /* Project object */ = {
			isa = PBXProject;
			attributes = {
				BuildIndependentTargetsInParallel = 1;
				LastSwiftUpdateCheck = 1420;
				LastUpgradeCheck = 1420;
				TargetAttributes = {
					3D697C3029CC980400D0CE41 = {
						CreatedOnToolsVersion = 14.2;
					};
					3D697C4629CC980600D0CE41 = {
						CreatedOnToolsVersion = 14.2;
						TestTargetID = 3D697C3029CC980400D0CE41;
					};
					3D697C5029CC980600D0CE41 = {
						CreatedOnToolsVersion = 14.2;
						TestTargetID = 3D697C3029CC980400D0CE41;
					};
				};
			};
			buildConfigurationList = 3D697C2C29CC980400D0CE41 /* Build configuration list for PBXProject "Catcrawler" */;
			compatibilityVersion = "Xcode 14.0";
			developmentRegion = en;
			hasScannedForEncodings = 0;
			knownRegions = (
				en,
				Base,
			);
			mainGroup = 3D697C2829CC980400D0CE41;
			productRefGroup = 3D697C3229CC980400D0CE41 /* Products */;
			projectDirPath = "";
			projectRoot = "";
			targets = (
				3D697C3029CC980400D0CE41 /* Catcrawler */,
				3D697C4629CC980600D0CE41 /* CatcrawlerTests */,
				3D697C5029CC980600D0CE41 /* CatcrawlerUITests */,
			);
		};
/* End PBXProject section */

/* Begin PBXResourcesBuildPhase section */
		3D697C2F29CC980400D0CE41 /* Resources */ = {
			isa = PBXResourcesBuildPhase;
			buildActionMask = 2147483647;
			files = (
				3D697C4129CC980600D0CE41 /* LaunchScreen.storyboard in Resources */,
				3D697C3E29CC980600D0CE41 /* Assets.xcassets in Resources */,
				3D697C3C29CC980400D0CE41 /* Main.storyboard in Resources */,
			);
			runOnlyForDeploymentPostprocessing = 0;
		};
		3D697C4529CC980600D0CE41 /* Resources */ = {
			isa = PBXResourcesBuildPhase;
			buildActionMask = 2147483647;
			files = (
			);
			runOnlyForDeploymentPostprocessing = 0;
		};
		3D697C4F29CC980600D0CE41 /* Resources */ = {
			isa = PBXResourcesBuildPhase;
			buildActionMask = 2147483647;
			files = (
			);
			runOnlyForDeploymentPostprocessing = 0;
		};
/* End PBXResourcesBuildPhase section */

/* Begin PBXSourcesBuildPhase section */
		3D697C2D29CC980400D0CE41 /* Sources */ = {
			isa = PBXSourcesBuildPhase;
			buildActionMask = 2147483647;
			files = (
				3D697C3929CC980400D0CE41 /* ViewController.swift in Sources */,
				3D697C3529CC980400D0CE41 /* AppDelegate.swift in Sources */,
				3D697C3729CC980400D0CE41 /* SceneDelegate.swift in Sources */,
			);
			runOnlyForDeploymentPostprocessing = 0;
		};
		3D697C4329CC980600D0CE41 /* Sources */ = {
			isa = PBXSourcesBuildPhase;
			buildActionMask = 2147483647;
			files = (
				3D697C4C29CC980600D0CE41 /* CatcrawlerTests.swift in Sources */,
			);
			runOnlyForDeploymentPostprocessing = 0;
		};
		3D697C4D29CC980600D0CE41 /* Sources */ = {
			isa = PBXSourcesBuildPhase;
			buildActionMask = 2147483647;
			files = (
				3D697C5829CC980600D0CE41 /* CatcrawlerUITestsLaunchTests.swift in Sources */,
				3D697C5629CC980600D0CE41 /* CatcrawlerUITests.swift in Sources */,
			);
			runOnlyForDeploymentPostprocessing = 0;
		};
/* End PBXSourcesBuildPhase section */

/* Begin PBXTargetDependency section */
		3D697C4929CC980600D0CE41 /* PBXTargetDependency */ = {
			isa = PBXTargetDependency;
			target = 3D697C3029CC980400D0CE41 /* Catcrawler */;
			targetProxy = 3D697C4829CC980600D0CE41 /* PBXContainerItemProxy */;
		};
		3D697C5329CC980600D0CE41 /* PBXTargetDependency */ = {
			isa = PBXTargetDependency;
			target = 3D697C3029CC980400D0CE41 /* Catcrawler */;
			targetProxy = 3D697C5229CC980600D0CE41 /* PBXContainerItemProxy */;
		};
/* End PBXTargetDependency section */

/* Begin PBXVariantGroup section */
		3D697C3A29CC980400D0CE41 /* Main.storyboard */ = {
			isa = PBXVariantGroup;
			children = (
				3D697C3B29CC980400D0CE41 /* Base */,
			);
			name = Main.storyboard;
			sourceTree = "<group>";
		};
		3D697C3F29CC980600D0CE41 /* LaunchScreen.storyboard */ = {
			isa = PBXVariantGroup;
			children = (
				3D697C4029CC980600D0CE41 /* Base */,
			);
			name = LaunchScreen.storyboard;
			sourceTree = "<group>";
		};
/* End PBXVariantGroup section */

/* Begin XCBuildConfiguration section */
		3D697C5929CC980600D0CE41 /* Debug */ = {
			isa = XCBuildConfiguration;
			buildSettings = {
				ALWAYS_SEARCH_USER_PATHS = NO;
				CLANG_ANALYZER_NONNULL = YES;
				CLANG_ANALYZER_NUMBER_OBJECT_CONVERSION = YES_AGGRESSIVE;
				CLANG_CXX_LANGUAGE_STANDARD = "gnu++20";
				CLANG_ENABLE_MODULES = YES;
				CLANG_ENABLE_OBJC_ARC = YES;
				CLANG_ENABLE_OBJC_WEAK = YES;
				CLANG_WARN_BLOCK_CAPTURE_AUTORELEASING = YES;
				CLANG_WARN_BOOL_CONVERSION = YES;
				CLANG_WARN_COMMA = YES;
				CLANG_WARN_CONSTANT_CONVERSION = YES;
				CLANG_WARN_DEPRECATED_OBJC_IMPLEMENTATIONS = YES;
				CLANG_WARN_DIRECT_OBJC_ISA_USAGE = YES_ERROR;
				CLANG_WARN_DOCUMENTATION_COMMENTS = YES;
				CLANG_WARN_EMPTY_BODY = YES;
				CLANG_WARN_ENUM_CONVERSION = YES;
				CLANG_WARN_INFINITE_RECURSION = YES;
				CLANG_WARN_INT_CONVERSION = YES;
				CLANG_WARN_NON_LITERAL_NULL_CONVERSION = YES;
				CLANG_WARN_OBJC_IMPLICIT_RETAIN_SELF = YES;
				CLANG_WARN_OBJC_LITERAL_CONVERSION = YES;
				CLANG_WARN_OBJC_ROOT_CLASS = YES_ERROR;
				CLANG_WARN_QUOTED_INCLUDE_IN_FRAMEWORK_HEADER = YES;
				CLANG_WARN_RANGE_LOOP_ANALYSIS = YES;
				CLANG_WARN_STRICT_PROTOTYPES = YES;
				CLANG_WARN_SUSPICIOUS_MOVE = YES;
				CLANG_WARN_UNGUARDED_AVAILABILITY = YES_AGGRESSIVE;
				CLANG_WARN_UNREACHABLE_CODE = YES;
				CLANG_WARN__DUPLICATE_METHOD_MATCH = YES;
				COPY_PHASE_STRIP = NO;
				DEBUG_INFORMATION_FORMAT = dwarf;
				ENABLE_STRICT_OBJC_MSGSEND = YES;
				ENABLE_TESTABILITY = YES;
				GCC_C_LANGUAGE_STANDARD = gnu11;
				GCC_DYNAMIC_NO_PIC = NO;
				GCC_NO_COMMON_BLOCKS = YES;
				GCC_OPTIMIZATION_LEVEL = 0;
				GCC_PREPROCESSOR_DEFINITIONS = (
					"DEBUG=1",
					"$(inherited)",
				);
				GCC_WARN_64_TO_32_BIT_CONVERSION = YES;
				GCC_WARN_ABOUT_RETURN_TYPE = YES_ERROR;
				GCC_WARN_UNDECLARED_SELECTOR = YES;
				GCC_WARN_UNINITIALIZED_AUTOS = YES_AGGRESSIVE;
				GCC_WARN_UNUSED_FUNCTION = YES;
				GCC_WARN_UNUSED_VARIABLE = YES;
				IPHONEOS_DEPLOYMENT_TARGET = 16.2;
				MTL_ENABLE_DEBUG_INFO = INCLUDE_SOURCE;
				MTL_FAST_MATH = YES;
				ONLY_ACTIVE_ARCH = YES;
				SDKROOT = iphoneos;
				SWIFT_ACTIVE_COMPILATION_CONDITIONS = DEBUG;
				SWIFT_OPTIMIZATION_LEVEL = "-Onone";
			};
			name = Debug;
		};
		3D697C5A29CC980600D0CE41 /* Release */ = {
			isa = XCBuildConfiguration;
			buildSettings = {
				ALWAYS_SEARCH_USER_PATHS = NO;
				CLANG_ANALYZER_NONNULL = YES;
				CLANG_ANALYZER_NUMBER_OBJECT_CONVERSION = YES_AGGRESSIVE;
				CLANG_CXX_LANGUAGE_STANDARD = "gnu++20";
				CLANG_ENABLE_MODULES = YES;
				CLANG_ENABLE_OBJC_ARC = YES;
				CLANG_ENABLE_OBJC_WEAK = YES;
				CLANG_WARN_BLOCK_CAPTURE_AUTORELEASING = YES;
				CLANG_WARN_BOOL_CONVERSION = YES;
				CLANG_WARN_COMMA = YES;
				CLANG_WARN_CONSTANT_CONVERSION = YES;
				CLANG_WARN_DEPRECATED_OBJC_IMPLEMENTATIONS = YES;
				CLANG_WARN_DIRECT_OBJC_ISA_USAGE = YES_ERROR;
				CLANG_WARN_DOCUMENTATION_COMMENTS = YES;
				CLANG_WARN_EMPTY_BODY = YES;
				CLANG_WARN_ENUM_CONVERSION = YES;
				CLANG_WARN_INFINITE_RECURSION = YES;
				CLANG_WARN_INT_CONVERSION = YES;
				CLANG_WARN_NON_LITERAL_NULL_CONVERSION = YES;
				CLANG_WARN_OBJC_IMPLICIT_RETAIN_SELF = YES;
				CLANG_WARN_OBJC_LITERAL_CONVERSION = YES;
				CLANG_WARN_OBJC_ROOT_CLASS = YES_ERROR;
				CLANG_WARN_QUOTED_INCLUDE_IN_FRAMEWORK_HEADER = YES;
				CLANG_WARN_RANGE_LOOP_ANALYSIS = YES;
				CLANG_WARN_STRICT_PROTOTYPES = YES;
				CLANG_WARN_SUSPICIOUS_MOVE = YES;
				CLANG_WARN_UNGUARDED_AVAILABILITY = YES_AGGRESSIVE;
				CLANG_WARN_UNREACHABLE_CODE = YES;
				CLANG_WARN__DUPLICATE_METHOD_MATCH = YES;
				COPY_PHASE_STRIP = NO;
				DEBUG_INFORMATION_FORMAT = "dwarf-with-dsym";
				ENABLE_NS_ASSERTIONS = NO;
				ENABLE_STRICT_OBJC_MSGSEND = YES;
				GCC_C_LANGUAGE_STANDARD = gnu11;
				GCC_NO_COMMON_BLOCKS = YES;
				GCC_WARN_64_TO_32_BIT_CONVERSION = YES;
				GCC_WARN_ABOUT_RETURN_TYPE = YES_ERROR;
				GCC_WARN_UNDECLARED_SELECTOR = YES;
				GCC_WARN_UNINITIALIZED_AUTOS = YES_AGGRESSIVE;
				GCC_WARN_UNUSED_FUNCTION = YES;
				GCC_WARN_UNUSED_VARIABLE = YES;
				IPHONEOS_DEPLOYMENT_TARGET = 16.2;
				MTL_ENABLE_DEBUG_INFO = NO;
				MTL_FAST_MATH = YES;
				SDKROOT = iphoneos;
				SWIFT_COMPILATION_MODE = wholemodule;
				SWIFT_OPTIMIZATION_LEVEL = "-O";
				VALIDATE_PRODUCT = YES;
			};
			name = Release;
		};
		3D697C5C29CC980600D0CE41 /* Debug */ = {
			isa = XCBuildConfiguration;
			buildSettings = {
				ASSETCATALOG_COMPILER_APPICON_NAME = AppIcon;
				ASSETCATALOG_COMPILER_GLOBAL_ACCENT_COLOR_NAME = AccentColor;
				CODE_SIGN_STYLE = Automatic;
				CURRENT_PROJECT_VERSION = 1;
				DEVELOPMENT_TEAM = 6WZYJKR3V9;
				GENERATE_INFOPLIST_FILE = YES;
				INFOPLIST_FILE = Catcrawler/Info.plist;
				INFOPLIST_KEY_UIApplicationSupportsIndirectInputEvents = YES;
				INFOPLIST_KEY_UILaunchStoryboardName = LaunchScreen;
				INFOPLIST_KEY_UIMainStoryboardFile = Main;
				INFOPLIST_KEY_UISupportedInterfaceOrientations_iPad = "UIInterfaceOrientationPortrait UIInterfaceOrientationPortraitUpsideDown UIInterfaceOrientationLandscapeLeft UIInterfaceOrientationLandscapeRight";
				INFOPLIST_KEY_UISupportedInterfaceOrientations_iPhone = "UIInterfaceOrientationPortrait UIInterfaceOrientationLandscapeLeft UIInterfaceOrientationLandscapeRight";
				LD_RUNPATH_SEARCH_PATHS = (
					"$(inherited)",
					"@executable_path/Frameworks",
				);
				MARKETING_VERSION = 1.0;
				PRODUCT_BUNDLE_IDENTIFIER = com.KHcoding.Catcrawler;
				PRODUCT_NAME = "$(TARGET_NAME)";
				SWIFT_EMIT_LOC_STRINGS = YES;
				SWIFT_VERSION = 5.0;
				TARGETED_DEVICE_FAMILY = "1,2";
			};
			name = Debug;
		};
		3D697C5D29CC980600D0CE41 /* Release */ = {
			isa = XCBuildConfiguration;
			buildSettings = {
				ASSETCATALOG_COMPILER_APPICON_NAME = AppIcon;
				ASSETCATALOG_COMPILER_GLOBAL_ACCENT_COLOR_NAME = AccentColor;
				CODE_SIGN_STYLE = Automatic;
				CURRENT_PROJECT_VERSION = 1;
				DEVELOPMENT_TEAM = 6WZYJKR3V9;
				GENERATE_INFOPLIST_FILE = YES;
				INFOPLIST_FILE = Catcrawler/Info.plist;
				INFOPLIST_KEY_UIApplicationSupportsIndirectInputEvents = YES;
				INFOPLIST_KEY_UILaunchStoryboardName = LaunchScreen;
				INFOPLIST_KEY_UIMainStoryboardFile = Main;
				INFOPLIST_KEY_UISupportedInterfaceOrientations_iPad = "UIInterfaceOrientationPortrait UIInterfaceOrientationPortraitUpsideDown UIInterfaceOrientationLandscapeLeft UIInterfaceOrientationLandscapeRight";
				INFOPLIST_KEY_UISupportedInterfaceOrientations_iPhone = "UIInterfaceOrientationPortrait UIInterfaceOrientationLandscapeLeft UIInterfaceOrientationLandscapeRight";
				LD_RUNPATH_SEARCH_PATHS = (
					"$(inherited)",
					"@executable_path/Frameworks",
				);
				MARKETING_VERSION = 1.0;
				PRODUCT_BUNDLE_IDENTIFIER = com.KHcoding.Catcrawler;
				PRODUCT_NAME = "$(TARGET_NAME)";
				SWIFT_EMIT_LOC_STRINGS = YES;
				SWIFT_VERSION = 5.0;
				TARGETED_DEVICE_FAMILY = "1,2";
			};
			name = Release;
		};
		3D697C5F29CC980600D0CE41 /* Debug */ = {
			isa = XCBuildConfiguration;
			buildSettings = {
				ALWAYS_EMBED_SWIFT_STANDARD_LIBRARIES = YES;
				BUNDLE_LOADER = "$(TEST_HOST)";
				CODE_SIGN_STYLE = Automatic;
				CURRENT_PROJECT_VERSION = 1;
				DEVELOPMENT_TEAM = 6WZYJKR3V9;
				GENERATE_INFOPLIST_FILE = YES;
				IPHONEOS_DEPLOYMENT_TARGET = 16.2;
				MARKETING_VERSION = 1.0;
				PRODUCT_BUNDLE_IDENTIFIER = com.KHcoding.CatcrawlerTests;
				PRODUCT_NAME = "$(TARGET_NAME)";
				SWIFT_EMIT_LOC_STRINGS = NO;
				SWIFT_VERSION = 5.0;
				TARGETED_DEVICE_FAMILY = "1,2";
				TEST_HOST = "$(BUILT_PRODUCTS_DIR)/Catcrawler.app/$(BUNDLE_EXECUTABLE_FOLDER_PATH)/Catcrawler";
			};
			name = Debug;
		};
		3D697C6029CC980600D0CE41 /* Release */ = {
			isa = XCBuildConfiguration;
			buildSettings = {
				ALWAYS_EMBED_SWIFT_STANDARD_LIBRARIES = YES;
				BUNDLE_LOADER = "$(TEST_HOST)";
				CODE_SIGN_STYLE = Automatic;
				CURRENT_PROJECT_VERSION = 1;
				DEVELOPMENT_TEAM = 6WZYJKR3V9;
				GENERATE_INFOPLIST_FILE = YES;
				IPHONEOS_DEPLOYMENT_TARGET = 16.2;
				MARKETING_VERSION = 1.0;
				PRODUCT_BUNDLE_IDENTIFIER = com.KHcoding.CatcrawlerTests;
				PRODUCT_NAME = "$(TARGET_NAME)";
				SWIFT_EMIT_LOC_STRINGS = NO;
				SWIFT_VERSION = 5.0;
				TARGETED_DEVICE_FAMILY = "1,2";
				TEST_HOST = "$(BUILT_PRODUCTS_DIR)/Catcrawler.app/$(BUNDLE_EXECUTABLE_FOLDER_PATH)/Catcrawler";
			};
			name = Release;
		};
		3D697C6229CC980600D0CE41 /* Debug */ = {
			isa = XCBuildConfiguration;
			buildSettings = {
				ALWAYS_EMBED_SWIFT_STANDARD_LIBRARIES = YES;
				CODE_SIGN_STYLE = Automatic;
				CURRENT_PROJECT_VERSION = 1;
				DEVELOPMENT_TEAM = 6WZYJKR3V9;
				GENERATE_INFOPLIST_FILE = YES;
				MARKETING_VERSION = 1.0;
				PRODUCT_BUNDLE_IDENTIFIER = com.KHcoding.CatcrawlerUITests;
				PRODUCT_NAME = "$(TARGET_NAME)";
				SWIFT_EMIT_LOC_STRINGS = NO;
				SWIFT_VERSION = 5.0;
				TARGETED_DEVICE_FAMILY = "1,2";
				TEST_TARGET_NAME = Catcrawler;
			};
			name = Debug;
		};
		3D697C6329CC980600D0CE41 /* Release */ = {
			isa = XCBuildConfiguration;
			buildSettings = {
				ALWAYS_EMBED_SWIFT_STANDARD_LIBRARIES = YES;
				CODE_SIGN_STYLE = Automatic;
				CURRENT_PROJECT_VERSION = 1;
				DEVELOPMENT_TEAM = 6WZYJKR3V9;
				GENERATE_INFOPLIST_FILE = YES;
				MARKETING_VERSION = 1.0;
				PRODUCT_BUNDLE_IDENTIFIER = com.KHcoding.CatcrawlerUITests;
				PRODUCT_NAME = "$(TARGET_NAME)";
				SWIFT_EMIT_LOC_STRINGS = NO;
				SWIFT_VERSION = 5.0;
				TARGETED_DEVICE_FAMILY = "1,2";
				TEST_TARGET_NAME = Catcrawler;
			};
			name = Release;
		};
/* End XCBuildConfiguration section */

/* Begin XCConfigurationList section */
		3D697C2C29CC980400D0CE41 /* Build configuration list for PBXProject "Catcrawler" */ = {
			isa = XCConfigurationList;
			buildConfigurations = (
				3D697C5929CC980600D0CE41 /* Debug */,
				3D697C5A29CC980600D0CE41 /* Release */,
			);
			defaultConfigurationIsVisible = 0;
			defaultConfigurationName = Release;
		};
		3D697C5B29CC980600D0CE41 /* Build configuration list for PBXNativeTarget "Catcrawler" */ = {
			isa = XCConfigurationList;
			buildConfigurations = (
				3D697C5C29CC980600D0CE41 /* Debug */,
				3D697C5D29CC980600D0CE41 /* Release */,
			);
			defaultConfigurationIsVisible = 0;
			defaultConfigurationName = Release;
		};
		3D697C5E29CC980600D0CE41 /* Build configuration list for PBXNativeTarget "CatcrawlerTests" */ = {
			isa = XCConfigurationList;
			buildConfigurations = (
				3D697C5F29CC980600D0CE41 /* Debug */,
				3D697C6029CC980600D0CE41 /* Release */,
			);
			defaultConfigurationIsVisible = 0;
			defaultConfigurationName = Release;
		};
		3D697C6129CC980600D0CE41 /* Build configuration list for PBXNativeTarget "CatcrawlerUITests" */ = {
			isa = XCConfigurationList;
			buildConfigurations = (
				3D697C6229CC980600D0CE41 /* Debug */,
				3D697C6329CC980600D0CE41 /* Release */,
			);
			defaultConfigurationIsVisible = 0;
			defaultConfigurationName = Release;
		};
/* End XCConfigurationList section */
	};
	rootObject = 3D697C2929CC980400D0CE41 /* Project object */;
}
